// !$*UTF8*$!
{
	archiveVersion = 1;
	classes = {
	};
	objectVersion = 46;
	objects = {

/* Begin PBXBuildFile section */
		7715DFB216B9FB32008E1DC8 /* cardMatchingGame.m in Sources */ = {isa = PBXBuildFile; fileRef = 7715DFB116B9FB32008E1DC8 /* cardMatchingGame.m */; };
		775A75BA16BD2346007D5745 /* cardMatchingGame3Cards.m in Sources */ = {isa = PBXBuildFile; fileRef = 775A75B916BD2346007D5745 /* cardMatchingGame3Cards.m */; };
		7799B0CA16B6032000093567 /* UIKit.framework in Frameworks */ = {isa = PBXBuildFile; fileRef = 7799B0C916B6032000093567 /* UIKit.framework */; };
		7799B0CC16B6032000093567 /* Foundation.framework in Frameworks */ = {isa = PBXBuildFile; fileRef = 7799B0CB16B6032000093567 /* Foundation.framework */; };
		7799B0CE16B6032000093567 /* CoreGraphics.framework in Frameworks */ = {isa = PBXBuildFile; fileRef = 7799B0CD16B6032000093567 /* CoreGraphics.framework */; };
		7799B0D416B6032000093567 /* InfoPlist.strings in Resources */ = {isa = PBXBuildFile; fileRef = 7799B0D216B6032000093567 /* InfoPlist.strings */; };
		7799B0D616B6032000093567 /* main.m in Sources */ = {isa = PBXBuildFile; fileRef = 7799B0D516B6032000093567 /* main.m */; };
		7799B0DA16B6032000093567 /* cardGameAppDelegate.m in Sources */ = {isa = PBXBuildFile; fileRef = 7799B0D916B6032000093567 /* cardGameAppDelegate.m */; };
		7799B0DC16B6032000093567 /* Default.png in Resources */ = {isa = PBXBuildFile; fileRef = 7799B0DB16B6032000093567 /* Default.png */; };
		7799B0DE16B6032000093567 /* Default@2x.png in Resources */ = {isa = PBXBuildFile; fileRef = 7799B0DD16B6032000093567 /* Default@2x.png */; };
		7799B0E016B6032000093567 /* Default-568h@2x.png in Resources */ = {isa = PBXBuildFile; fileRef = 7799B0DF16B6032000093567 /* Default-568h@2x.png */; };
		7799B0E316B6032000093567 /* MainStoryboard.storyboard in Resources */ = {isa = PBXBuildFile; fileRef = 7799B0E116B6032000093567 /* MainStoryboard.storyboard */; };
		7799B0E616B6032000093567 /* cardGameViewController.m in Sources */ = {isa = PBXBuildFile; fileRef = 7799B0E516B6032000093567 /* cardGameViewController.m */; };
		7799B0F216B6082900093567 /* deck.m in Sources */ = {isa = PBXBuildFile; fileRef = 7799B0F116B6082900093567 /* deck.m */; };
		7799B13016B60E0200093567 /* back-blue-75-1.png in Resources */ = {isa = PBXBuildFile; fileRef = 7799B0F416B60E0200093567 /* back-blue-75-1.png */; };
		7799B13116B60E0200093567 /* back-blue-75-2.png in Resources */ = {isa = PBXBuildFile; fileRef = 7799B0F516B60E0200093567 /* back-blue-75-2.png */; };
		7799B13216B60E0200093567 /* back-blue-75-3.png in Resources */ = {isa = PBXBuildFile; fileRef = 7799B0F616B60E0200093567 /* back-blue-75-3.png */; };
		7799B13316B60E0200093567 /* back-red-75-1.png in Resources */ = {isa = PBXBuildFile; fileRef = 7799B0F716B60E0200093567 /* back-red-75-1.png */; };
		7799B13416B60E0200093567 /* back-red-75-2.png in Resources */ = {isa = PBXBuildFile; fileRef = 7799B0F816B60E0200093567 /* back-red-75-2.png */; };
		7799B13516B60E0200093567 /* back-red-75-3.png in Resources */ = {isa = PBXBuildFile; fileRef = 7799B0F916B60E0200093567 /* back-red-75-3.png */; };
		7799B13616B60E0200093567 /* clubs-10-75.png in Resources */ = {isa = PBXBuildFile; fileRef = 7799B0FA16B60E0200093567 /* clubs-10-75.png */; };
		7799B13716B60E0200093567 /* clubs-2-75.png in Resources */ = {isa = PBXBuildFile; fileRef = 7799B0FB16B60E0200093567 /* clubs-2-75.png */; };
		7799B13816B60E0200093567 /* clubs-3-75.png in Resources */ = {isa = PBXBuildFile; fileRef = 7799B0FC16B60E0200093567 /* clubs-3-75.png */; };
		7799B13916B60E0200093567 /* clubs-4-75.png in Resources */ = {isa = PBXBuildFile; fileRef = 7799B0FD16B60E0200093567 /* clubs-4-75.png */; };
		7799B13A16B60E0200093567 /* clubs-5-75.png in Resources */ = {isa = PBXBuildFile; fileRef = 7799B0FE16B60E0200093567 /* clubs-5-75.png */; };
		7799B13B16B60E0200093567 /* clubs-6-75.png in Resources */ = {isa = PBXBuildFile; fileRef = 7799B0FF16B60E0200093567 /* clubs-6-75.png */; };
		7799B13C16B60E0200093567 /* clubs-7-75.png in Resources */ = {isa = PBXBuildFile; fileRef = 7799B10016B60E0200093567 /* clubs-7-75.png */; };
		7799B13D16B60E0200093567 /* clubs-8-75.png in Resources */ = {isa = PBXBuildFile; fileRef = 7799B10116B60E0200093567 /* clubs-8-75.png */; };
		7799B13E16B60E0200093567 /* clubs-9-75.png in Resources */ = {isa = PBXBuildFile; fileRef = 7799B10216B60E0200093567 /* clubs-9-75.png */; };
		7799B13F16B60E0200093567 /* clubs-a-75.png in Resources */ = {isa = PBXBuildFile; fileRef = 7799B10316B60E0200093567 /* clubs-a-75.png */; };
		7799B14016B60E0200093567 /* clubs-j-75.png in Resources */ = {isa = PBXBuildFile; fileRef = 7799B10416B60E0200093567 /* clubs-j-75.png */; };
		7799B14116B60E0200093567 /* clubs-k-75.png in Resources */ = {isa = PBXBuildFile; fileRef = 7799B10516B60E0200093567 /* clubs-k-75.png */; };
		7799B14216B60E0200093567 /* clubs-q-75.png in Resources */ = {isa = PBXBuildFile; fileRef = 7799B10616B60E0200093567 /* clubs-q-75.png */; };
		7799B14316B60E0200093567 /* diamonds-10-75.png in Resources */ = {isa = PBXBuildFile; fileRef = 7799B10716B60E0200093567 /* diamonds-10-75.png */; };
		7799B14416B60E0200093567 /* diamonds-2-75.png in Resources */ = {isa = PBXBuildFile; fileRef = 7799B10816B60E0200093567 /* diamonds-2-75.png */; };
		7799B14516B60E0200093567 /* diamonds-3-75.png in Resources */ = {isa = PBXBuildFile; fileRef = 7799B10916B60E0200093567 /* diamonds-3-75.png */; };
		7799B14616B60E0200093567 /* diamonds-4-75.png in Resources */ = {isa = PBXBuildFile; fileRef = 7799B10A16B60E0200093567 /* diamonds-4-75.png */; };
		7799B14716B60E0200093567 /* diamonds-5-75.png in Resources */ = {isa = PBXBuildFile; fileRef = 7799B10B16B60E0200093567 /* diamonds-5-75.png */; };
		7799B14816B60E0200093567 /* diamonds-6-75.png in Resources */ = {isa = PBXBuildFile; fileRef = 7799B10C16B60E0200093567 /* diamonds-6-75.png */; };
		7799B14916B60E0200093567 /* diamonds-7-75.png in Resources */ = {isa = PBXBuildFile; fileRef = 7799B10D16B60E0200093567 /* diamonds-7-75.png */; };
		7799B14A16B60E0200093567 /* diamonds-8-75.png in Resources */ = {isa = PBXBuildFile; fileRef = 7799B10E16B60E0200093567 /* diamonds-8-75.png */; };
		7799B14B16B60E0200093567 /* diamonds-9-75.png in Resources */ = {isa = PBXBuildFile; fileRef = 7799B10F16B60E0200093567 /* diamonds-9-75.png */; };
		7799B14C16B60E0200093567 /* diamonds-a-75.png in Resources */ = {isa = PBXBuildFile; fileRef = 7799B11016B60E0200093567 /* diamonds-a-75.png */; };
		7799B14D16B60E0200093567 /* diamonds-j-75.png in Resources */ = {isa = PBXBuildFile; fileRef = 7799B11116B60E0200093567 /* diamonds-j-75.png */; };
		7799B14E16B60E0200093567 /* diamonds-k-75.png in Resources */ = {isa = PBXBuildFile; fileRef = 7799B11216B60E0200093567 /* diamonds-k-75.png */; };
		7799B14F16B60E0200093567 /* diamonds-q-75.png in Resources */ = {isa = PBXBuildFile; fileRef = 7799B11316B60E0200093567 /* diamonds-q-75.png */; };
		7799B15016B60E0200093567 /* hearts-10-75.png in Resources */ = {isa = PBXBuildFile; fileRef = 7799B11416B60E0200093567 /* hearts-10-75.png */; };
		7799B15116B60E0200093567 /* hearts-2-75.png in Resources */ = {isa = PBXBuildFile; fileRef = 7799B11516B60E0200093567 /* hearts-2-75.png */; };
		7799B15216B60E0200093567 /* hearts-3-75.png in Resources */ = {isa = PBXBuildFile; fileRef = 7799B11616B60E0200093567 /* hearts-3-75.png */; };
		7799B15316B60E0200093567 /* hearts-4-75.png in Resources */ = {isa = PBXBuildFile; fileRef = 7799B11716B60E0200093567 /* hearts-4-75.png */; };
		7799B15416B60E0200093567 /* hearts-5-75.png in Resources */ = {isa = PBXBuildFile; fileRef = 7799B11816B60E0200093567 /* hearts-5-75.png */; };
		7799B15516B60E0200093567 /* hearts-6-75.png in Resources */ = {isa = PBXBuildFile; fileRef = 7799B11916B60E0200093567 /* hearts-6-75.png */; };
		7799B15616B60E0200093567 /* hearts-7-75.png in Resources */ = {isa = PBXBuildFile; fileRef = 7799B11A16B60E0200093567 /* hearts-7-75.png */; };
		7799B15716B60E0200093567 /* hearts-8-75.png in Resources */ = {isa = PBXBuildFile; fileRef = 7799B11B16B60E0200093567 /* hearts-8-75.png */; };
		7799B15816B60E0200093567 /* hearts-9-75.png in Resources */ = {isa = PBXBuildFile; fileRef = 7799B11C16B60E0200093567 /* hearts-9-75.png */; };
		7799B15916B60E0200093567 /* hearts-a-75.png in Resources */ = {isa = PBXBuildFile; fileRef = 7799B11D16B60E0200093567 /* hearts-a-75.png */; };
		7799B15A16B60E0200093567 /* hearts-j-75.png in Resources */ = {isa = PBXBuildFile; fileRef = 7799B11E16B60E0200093567 /* hearts-j-75.png */; };
		7799B15B16B60E0200093567 /* hearts-k-75.png in Resources */ = {isa = PBXBuildFile; fileRef = 7799B11F16B60E0200093567 /* hearts-k-75.png */; };
		7799B15C16B60E0200093567 /* hearts-q-75.png in Resources */ = {isa = PBXBuildFile; fileRef = 7799B12016B60E0200093567 /* hearts-q-75.png */; };
		7799B15D16B60E0200093567 /* joker-b-75.png in Resources */ = {isa = PBXBuildFile; fileRef = 7799B12116B60E0200093567 /* joker-b-75.png */; };
		7799B15E16B60E0200093567 /* joker-r-75.png in Resources */ = {isa = PBXBuildFile; fileRef = 7799B12216B60E0200093567 /* joker-r-75.png */; };
		7799B15F16B60E0200093567 /* spades-10-75.png in Resources */ = {isa = PBXBuildFile; fileRef = 7799B12316B60E0200093567 /* spades-10-75.png */; };
		7799B16016B60E0200093567 /* spades-2-75.png in Resources */ = {isa = PBXBuildFile; fileRef = 7799B12416B60E0200093567 /* spades-2-75.png */; };
		7799B16116B60E0200093567 /* spades-3-75.png in Resources */ = {isa = PBXBuildFile; fileRef = 7799B12516B60E0200093567 /* spades-3-75.png */; };
		7799B16216B60E0200093567 /* spades-4-75.png in Resources */ = {isa = PBXBuildFile; fileRef = 7799B12616B60E0200093567 /* spades-4-75.png */; };
		7799B16316B60E0200093567 /* spades-5-75.png in Resources */ = {isa = PBXBuildFile; fileRef = 7799B12716B60E0200093567 /* spades-5-75.png */; };
		7799B16416B60E0200093567 /* spades-6-75.png in Resources */ = {isa = PBXBuildFile; fileRef = 7799B12816B60E0200093567 /* spades-6-75.png */; };
		7799B16516B60E0200093567 /* spades-7-75.png in Resources */ = {isa = PBXBuildFile; fileRef = 7799B12916B60E0200093567 /* spades-7-75.png */; };
		7799B16616B60E0200093567 /* spades-8-75.png in Resources */ = {isa = PBXBuildFile; fileRef = 7799B12A16B60E0200093567 /* spades-8-75.png */; };
		7799B16716B60E0200093567 /* spades-9-75.png in Resources */ = {isa = PBXBuildFile; fileRef = 7799B12B16B60E0200093567 /* spades-9-75.png */; };
		7799B16816B60E0200093567 /* spades-a-75.png in Resources */ = {isa = PBXBuildFile; fileRef = 7799B12C16B60E0200093567 /* spades-a-75.png */; };
		7799B16916B60E0200093567 /* spades-j-75.png in Resources */ = {isa = PBXBuildFile; fileRef = 7799B12D16B60E0200093567 /* spades-j-75.png */; };
		7799B16A16B60E0200093567 /* spades-k-75.png in Resources */ = {isa = PBXBuildFile; fileRef = 7799B12E16B60E0200093567 /* spades-k-75.png */; };
		7799B16B16B60E0200093567 /* spades-q-75.png in Resources */ = {isa = PBXBuildFile; fileRef = 7799B12F16B60E0200093567 /* spades-q-75.png */; };
		7799B16E16B6BE5B00093567 /* playingCard.m in Sources */ = {isa = PBXBuildFile; fileRef = 7799B16D16B6BE5B00093567 /* playingCard.m */; };
		7799B17116B6C85400093567 /* playingDeck.m in Sources */ = {isa = PBXBuildFile; fileRef = 7799B17016B6C85400093567 /* playingDeck.m */; };
		77D74B7716BAA37B00A2174C /* Card.m in Sources */ = {isa = PBXBuildFile; fileRef = 77D74B7616BAA37B00A2174C /* Card.m */; };
/* End PBXBuildFile section */

/* Begin PBXFileReference section */
		7715DFB016B9FB32008E1DC8 /* cardMatchingGame.h */ = {isa = PBXFileReference; fileEncoding = 4; lastKnownFileType = sourcecode.c.h; name = cardMatchingGame.h; path = Model/cardMatchingGame.h; sourceTree = "<group>"; };
		7715DFB116B9FB32008E1DC8 /* cardMatchingGame.m */ = {isa = PBXFileReference; fileEncoding = 4; lastKnownFileType = sourcecode.c.objc; name = cardMatchingGame.m; path = Model/cardMatchingGame.m; sourceTree = "<group>"; };
		775A75B816BD2346007D5745 /* cardMatchingGame3Cards.h */ = {isa = PBXFileReference; fileEncoding = 4; lastKnownFileType = sourcecode.c.h; name = cardMatchingGame3Cards.h; path = Model/cardMatchingGame3Cards.h; sourceTree = "<group>"; };
		775A75B916BD2346007D5745 /* cardMatchingGame3Cards.m */ = {isa = PBXFileReference; fileEncoding = 4; lastKnownFileType = sourcecode.c.objc; name = cardMatchingGame3Cards.m; path = Model/cardMatchingGame3Cards.m; sourceTree = "<group>"; };
		7799B0C516B6032000093567 /* Matchismo.app */ = {isa = PBXFileReference; explicitFileType = wrapper.application; includeInIndex = 0; path = Matchismo.app; sourceTree = BUILT_PRODUCTS_DIR; };
		7799B0C916B6032000093567 /* UIKit.framework */ = {isa = PBXFileReference; lastKnownFileType = wrapper.framework; name = UIKit.framework; path = System/Library/Frameworks/UIKit.framework; sourceTree = SDKROOT; };
		7799B0CB16B6032000093567 /* Foundation.framework */ = {isa = PBXFileReference; lastKnownFileType = wrapper.framework; name = Foundation.framework; path = System/Library/Frameworks/Foundation.framework; sourceTree = SDKROOT; };
		7799B0CD16B6032000093567 /* CoreGraphics.framework */ = {isa = PBXFileReference; lastKnownFileType = wrapper.framework; name = CoreGraphics.framework; path = System/Library/Frameworks/CoreGraphics.framework; sourceTree = SDKROOT; };
		7799B0D116B6032000093567 /* Matchismo-Info.plist */ = {isa = PBXFileReference; lastKnownFileType = text.plist.xml; path = "Matchismo-Info.plist"; sourceTree = "<group>"; };
		7799B0D316B6032000093567 /* en */ = {isa = PBXFileReference; lastKnownFileType = text.plist.strings; name = en; path = en.lproj/InfoPlist.strings; sourceTree = "<group>"; };
		7799B0D516B6032000093567 /* main.m */ = {isa = PBXFileReference; lastKnownFileType = sourcecode.c.objc; path = main.m; sourceTree = "<group>"; };
		7799B0D716B6032000093567 /* Matchismo-Prefix.pch */ = {isa = PBXFileReference; lastKnownFileType = sourcecode.c.h; path = "Matchismo-Prefix.pch"; sourceTree = "<group>"; };
		7799B0D816B6032000093567 /* cardGameAppDelegate.h */ = {isa = PBXFileReference; lastKnownFileType = sourcecode.c.h; path = cardGameAppDelegate.h; sourceTree = "<group>"; };
		7799B0D916B6032000093567 /* cardGameAppDelegate.m */ = {isa = PBXFileReference; lastKnownFileType = sourcecode.c.objc; path = cardGameAppDelegate.m; sourceTree = "<group>"; };
		7799B0DB16B6032000093567 /* Default.png */ = {isa = PBXFileReference; lastKnownFileType = image.png; path = Default.png; sourceTree = "<group>"; };
		7799B0DD16B6032000093567 /* Default@2x.png */ = {isa = PBXFileReference; lastKnownFileType = image.png; path = "Default@2x.png"; sourceTree = "<group>"; };
		7799B0DF16B6032000093567 /* Default-568h@2x.png */ = {isa = PBXFileReference; lastKnownFileType = image.png; path = "Default-568h@2x.png"; sourceTree = "<group>"; };
		7799B0E216B6032000093567 /* en */ = {isa = PBXFileReference; lastKnownFileType = file.storyboard; name = en; path = en.lproj/MainStoryboard.storyboard; sourceTree = "<group>"; };
		7799B0E416B6032000093567 /* cardGameViewController.h */ = {isa = PBXFileReference; lastKnownFileType = sourcecode.c.h; path = cardGameViewController.h; sourceTree = "<group>"; };
		7799B0E516B6032000093567 /* cardGameViewController.m */ = {isa = PBXFileReference; lastKnownFileType = sourcecode.c.objc; path = cardGameViewController.m; sourceTree = "<group>"; };
		7799B0F016B6082900093567 /* deck.h */ = {isa = PBXFileReference; fileEncoding = 4; lastKnownFileType = sourcecode.c.h; name = deck.h; path = Model/deck.h; sourceTree = "<group>"; };
		7799B0F116B6082900093567 /* deck.m */ = {isa = PBXFileReference; fileEncoding = 4; lastKnownFileType = sourcecode.c.objc; name = deck.m; path = Model/deck.m; sourceTree = "<group>"; };
		7799B0F416B60E0200093567 /* back-blue-75-1.png */ = {isa = PBXFileReference; lastKnownFileType = image.png; path = "back-blue-75-1.png"; sourceTree = "<group>"; };
		7799B0F516B60E0200093567 /* back-blue-75-2.png */ = {isa = PBXFileReference; lastKnownFileType = image.png; path = "back-blue-75-2.png"; sourceTree = "<group>"; };
		7799B0F616B60E0200093567 /* back-blue-75-3.png */ = {isa = PBXFileReference; lastKnownFileType = image.png; path = "back-blue-75-3.png"; sourceTree = "<group>"; };
		7799B0F716B60E0200093567 /* back-red-75-1.png */ = {isa = PBXFileReference; lastKnownFileType = image.png; path = "back-red-75-1.png"; sourceTree = "<group>"; };
		7799B0F816B60E0200093567 /* back-red-75-2.png */ = {isa = PBXFileReference; lastKnownFileType = image.png; path = "back-red-75-2.png"; sourceTree = "<group>"; };
		7799B0F916B60E0200093567 /* back-red-75-3.png */ = {isa = PBXFileReference; lastKnownFileType = image.png; path = "back-red-75-3.png"; sourceTree = "<group>"; };
		7799B0FA16B60E0200093567 /* clubs-10-75.png */ = {isa = PBXFileReference; lastKnownFileType = image.png; path = "clubs-10-75.png"; sourceTree = "<group>"; };
		7799B0FB16B60E0200093567 /* clubs-2-75.png */ = {isa = PBXFileReference; lastKnownFileType = image.png; path = "clubs-2-75.png"; sourceTree = "<group>"; };
		7799B0FC16B60E0200093567 /* clubs-3-75.png */ = {isa = PBXFileReference; lastKnownFileType = image.png; path = "clubs-3-75.png"; sourceTree = "<group>"; };
		7799B0FD16B60E0200093567 /* clubs-4-75.png */ = {isa = PBXFileReference; lastKnownFileType = image.png; path = "clubs-4-75.png"; sourceTree = "<group>"; };
		7799B0FE16B60E0200093567 /* clubs-5-75.png */ = {isa = PBXFileReference; lastKnownFileType = image.png; path = "clubs-5-75.png"; sourceTree = "<group>"; };
		7799B0FF16B60E0200093567 /* clubs-6-75.png */ = {isa = PBXFileReference; lastKnownFileType = image.png; path = "clubs-6-75.png"; sourceTree = "<group>"; };
		7799B10016B60E0200093567 /* clubs-7-75.png */ = {isa = PBXFileReference; lastKnownFileType = image.png; path = "clubs-7-75.png"; sourceTree = "<group>"; };
		7799B10116B60E0200093567 /* clubs-8-75.png */ = {isa = PBXFileReference; lastKnownFileType = image.png; path = "clubs-8-75.png"; sourceTree = "<group>"; };
		7799B10216B60E0200093567 /* clubs-9-75.png */ = {isa = PBXFileReference; lastKnownFileType = image.png; path = "clubs-9-75.png"; sourceTree = "<group>"; };
		7799B10316B60E0200093567 /* clubs-a-75.png */ = {isa = PBXFileReference; lastKnownFileType = image.png; path = "clubs-a-75.png"; sourceTree = "<group>"; };
		7799B10416B60E0200093567 /* clubs-j-75.png */ = {isa = PBXFileReference; lastKnownFileType = image.png; path = "clubs-j-75.png"; sourceTree = "<group>"; };
		7799B10516B60E0200093567 /* clubs-k-75.png */ = {isa = PBXFileReference; lastKnownFileType = image.png; path = "clubs-k-75.png"; sourceTree = "<group>"; };
		7799B10616B60E0200093567 /* clubs-q-75.png */ = {isa = PBXFileReference; lastKnownFileType = image.png; path = "clubs-q-75.png"; sourceTree = "<group>"; };
		7799B10716B60E0200093567 /* diamonds-10-75.png */ = {isa = PBXFileReference; lastKnownFileType = image.png; path = "diamonds-10-75.png"; sourceTree = "<group>"; };
		7799B10816B60E0200093567 /* diamonds-2-75.png */ = {isa = PBXFileReference; lastKnownFileType = image.png; path = "diamonds-2-75.png"; sourceTree = "<group>"; };
		7799B10916B60E0200093567 /* diamonds-3-75.png */ = {isa = PBXFileReference; lastKnownFileType = image.png; path = "diamonds-3-75.png"; sourceTree = "<group>"; };
		7799B10A16B60E0200093567 /* diamonds-4-75.png */ = {isa = PBXFileReference; lastKnownFileType = image.png; path = "diamonds-4-75.png"; sourceTree = "<group>"; };
		7799B10B16B60E0200093567 /* diamonds-5-75.png */ = {isa = PBXFileReference; lastKnownFileType = image.png; path = "diamonds-5-75.png"; sourceTree = "<group>"; };
		7799B10C16B60E0200093567 /* diamonds-6-75.png */ = {isa = PBXFileReference; lastKnownFileType = image.png; path = "diamonds-6-75.png"; sourceTree = "<group>"; };
		7799B10D16B60E0200093567 /* diamonds-7-75.png */ = {isa = PBXFileReference; lastKnownFileType = image.png; path = "diamonds-7-75.png"; sourceTree = "<group>"; };
		7799B10E16B60E0200093567 /* diamonds-8-75.png */ = {isa = PBXFileReference; lastKnownFileType = image.png; path = "diamonds-8-75.png"; sourceTree = "<group>"; };
		7799B10F16B60E0200093567 /* diamonds-9-75.png */ = {isa = PBXFileReference; lastKnownFileType = image.png; path = "diamonds-9-75.png"; sourceTree = "<group>"; };
		7799B11016B60E0200093567 /* diamonds-a-75.png */ = {isa = PBXFileReference; lastKnownFileType = image.png; path = "diamonds-a-75.png"; sourceTree = "<group>"; };
		7799B11116B60E0200093567 /* diamonds-j-75.png */ = {isa = PBXFileReference; lastKnownFileType = image.png; path = "diamonds-j-75.png"; sourceTree = "<group>"; };
		7799B11216B60E0200093567 /* diamonds-k-75.png */ = {isa = PBXFileReference; lastKnownFileType = image.png; path = "diamonds-k-75.png"; sourceTree = "<group>"; };
		7799B11316B60E0200093567 /* diamonds-q-75.png */ = {isa = PBXFileReference; lastKnownFileType = image.png; path = "diamonds-q-75.png"; sourceTree = "<group>"; };
		7799B11416B60E0200093567 /* hearts-10-75.png */ = {isa = PBXFileReference; lastKnownFileType = image.png; path = "hearts-10-75.png"; sourceTree = "<group>"; };
		7799B11516B60E0200093567 /* hearts-2-75.png */ = {isa = PBXFileReference; lastKnownFileType = image.png; path = "hearts-2-75.png"; sourceTree = "<group>"; };
		7799B11616B60E0200093567 /* hearts-3-75.png */ = {isa = PBXFileReference; lastKnownFileType = image.png; path = "hearts-3-75.png"; sourceTree = "<group>"; };
		7799B11716B60E0200093567 /* hearts-4-75.png */ = {isa = PBXFileReference; lastKnownFileType = image.png; path = "hearts-4-75.png"; sourceTree = "<group>"; };
		7799B11816B60E0200093567 /* hearts-5-75.png */ = {isa = PBXFileReference; lastKnownFileType = image.png; path = "hearts-5-75.png"; sourceTree = "<group>"; };
		7799B11916B60E0200093567 /* hearts-6-75.png */ = {isa = PBXFileReference; lastKnownFileType = image.png; path = "hearts-6-75.png"; sourceTree = "<group>"; };
		7799B11A16B60E0200093567 /* hearts-7-75.png */ = {isa = PBXFileReference; lastKnownFileType = image.png; path = "hearts-7-75.png"; sourceTree = "<group>"; };
		7799B11B16B60E0200093567 /* hearts-8-75.png */ = {isa = PBXFileReference; lastKnownFileType = image.png; path = "hearts-8-75.png"; sourceTree = "<group>"; };
		7799B11C16B60E0200093567 /* hearts-9-75.png */ = {isa = PBXFileReference; lastKnownFileType = image.png; path = "hearts-9-75.png"; sourceTree = "<group>"; };
		7799B11D16B60E0200093567 /* hearts-a-75.png */ = {isa = PBXFileReference; lastKnownFileType = image.png; path = "hearts-a-75.png"; sourceTree = "<group>"; };
		7799B11E16B60E0200093567 /* hearts-j-75.png */ = {isa = PBXFileReference; lastKnownFileType = image.png; path = "hearts-j-75.png"; sourceTree = "<group>"; };
		7799B11F16B60E0200093567 /* hearts-k-75.png */ = {isa = PBXFileReference; lastKnownFileType = image.png; path = "hearts-k-75.png"; sourceTree = "<group>"; };
		7799B12016B60E0200093567 /* hearts-q-75.png */ = {isa = PBXFileReference; lastKnownFileType = image.png; path = "hearts-q-75.png"; sourceTree = "<group>"; };
		7799B12116B60E0200093567 /* joker-b-75.png */ = {isa = PBXFileReference; lastKnownFileType = image.png; path = "joker-b-75.png"; sourceTree = "<group>"; };
		7799B12216B60E0200093567 /* joker-r-75.png */ = {isa = PBXFileReference; lastKnownFileType = image.png; path = "joker-r-75.png"; sourceTree = "<group>"; };
		7799B12316B60E0200093567 /* spades-10-75.png */ = {isa = PBXFileReference; lastKnownFileType = image.png; path = "spades-10-75.png"; sourceTree = "<group>"; };
		7799B12416B60E0200093567 /* spades-2-75.png */ = {isa = PBXFileReference; lastKnownFileType = image.png; path = "spades-2-75.png"; sourceTree = "<group>"; };
		7799B12516B60E0200093567 /* spades-3-75.png */ = {isa = PBXFileReference; lastKnownFileType = image.png; path = "spades-3-75.png"; sourceTree = "<group>"; };
		7799B12616B60E0200093567 /* spades-4-75.png */ = {isa = PBXFileReference; lastKnownFileType = image.png; path = "spades-4-75.png"; sourceTree = "<group>"; };
		7799B12716B60E0200093567 /* spades-5-75.png */ = {isa = PBXFileReference; lastKnownFileType = image.png; path = "spades-5-75.png"; sourceTree = "<group>"; };
		7799B12816B60E0200093567 /* spades-6-75.png */ = {isa = PBXFileReference; lastKnownFileType = image.png; path = "spades-6-75.png"; sourceTree = "<group>"; };
		7799B12916B60E0200093567 /* spades-7-75.png */ = {isa = PBXFileReference; lastKnownFileType = image.png; path = "spades-7-75.png"; sourceTree = "<group>"; };
		7799B12A16B60E0200093567 /* spades-8-75.png */ = {isa = PBXFileReference; lastKnownFileType = image.png; path = "spades-8-75.png"; sourceTree = "<group>"; };
		7799B12B16B60E0200093567 /* spades-9-75.png */ = {isa = PBXFileReference; lastKnownFileType = image.png; path = "spades-9-75.png"; sourceTree = "<group>"; };
		7799B12C16B60E0200093567 /* spades-a-75.png */ = {isa = PBXFileReference; lastKnownFileType = image.png; path = "spades-a-75.png"; sourceTree = "<group>"; };
		7799B12D16B60E0200093567 /* spades-j-75.png */ = {isa = PBXFileReference; lastKnownFileType = image.png; path = "spades-j-75.png"; sourceTree = "<group>"; };
		7799B12E16B60E0200093567 /* spades-k-75.png */ = {isa = PBXFileReference; lastKnownFileType = image.png; path = "spades-k-75.png"; sourceTree = "<group>"; };
		7799B12F16B60E0200093567 /* spades-q-75.png */ = {isa = PBXFileReference; lastKnownFileType = image.png; path = "spades-q-75.png"; sourceTree = "<group>"; };
		7799B16C16B6BE5B00093567 /* playingCard.h */ = {isa = PBXFileReference; fileEncoding = 4; lastKnownFileType = sourcecode.c.h; name = playingCard.h; path = Model/playingCard.h; sourceTree = "<group>"; };
		7799B16D16B6BE5B00093567 /* playingCard.m */ = {isa = PBXFileReference; fileEncoding = 4; lastKnownFileType = sourcecode.c.objc; name = playingCard.m; path = Model/playingCard.m; sourceTree = "<group>"; };
		7799B16F16B6C85400093567 /* playingDeck.h */ = {isa = PBXFileReference; fileEncoding = 4; lastKnownFileType = sourcecode.c.h; name = playingDeck.h; path = Model/playingDeck.h; sourceTree = "<group>"; };
		7799B17016B6C85400093567 /* playingDeck.m */ = {isa = PBXFileReference; fileEncoding = 4; lastKnownFileType = sourcecode.c.objc; name = playingDeck.m; path = Model/playingDeck.m; sourceTree = "<group>"; };
		77D74B7516BAA37B00A2174C /* Card.h */ = {isa = PBXFileReference; fileEncoding = 4; lastKnownFileType = sourcecode.c.h; name = Card.h; path = Model/Card.h; sourceTree = "<group>"; };
		77D74B7616BAA37B00A2174C /* Card.m */ = {isa = PBXFileReference; fileEncoding = 4; lastKnownFileType = sourcecode.c.objc; name = Card.m; path = Model/Card.m; sourceTree = "<group>"; };
/* End PBXFileReference section */

/* Begin PBXFrameworksBuildPhase section */
		7799B0C216B6032000093567 /* Frameworks */ = {
			isa = PBXFrameworksBuildPhase;
			buildActionMask = 2147483647;
			files = (
				7799B0CA16B6032000093567 /* UIKit.framework in Frameworks */,
				7799B0CC16B6032000093567 /* Foundation.framework in Frameworks */,
				7799B0CE16B6032000093567 /* CoreGraphics.framework in Frameworks */,
			);
			runOnlyForDeploymentPostprocessing = 0;
		};
/* End PBXFrameworksBuildPhase section */

/* Begin PBXGroup section */
		7799B0BA16B6032000093567 = {
			isa = PBXGroup;
			children = (
				7799B0CF16B6032000093567 /* Matchismo */,
				7799B0C816B6032000093567 /* Frameworks */,
				7799B0C616B6032000093567 /* Products */,
			);
			sourceTree = "<group>";
		};
		7799B0C616B6032000093567 /* Products */ = {
			isa = PBXGroup;
			children = (
				7799B0C516B6032000093567 /* Matchismo.app */,
			);
			name = Products;
			sourceTree = "<group>";
		};
		7799B0C816B6032000093567 /* Frameworks */ = {
			isa = PBXGroup;
			children = (
				7799B0C916B6032000093567 /* UIKit.framework */,
				7799B0CB16B6032000093567 /* Foundation.framework */,
				7799B0CD16B6032000093567 /* CoreGraphics.framework */,
			);
			name = Frameworks;
			sourceTree = "<group>";
		};
		7799B0CF16B6032000093567 /* Matchismo */ = {
			isa = PBXGroup;
			children = (
				7799B0E116B6032000093567 /* MainStoryboard.storyboard */,
				7799B0EF16B6045D00093567 /* Model */,
				7799B0E416B6032000093567 /* cardGameViewController.h */,
				7799B0E516B6032000093567 /* cardGameViewController.m */,
				7799B0F316B60E0200093567 /* 75 */,
				7799B0D016B6032000093567 /* Supporting Files */,
			);
			path = Matchismo;
			sourceTree = "<group>";
		};
		7799B0D016B6032000093567 /* Supporting Files */ = {
			isa = PBXGroup;
			children = (
				7799B0D816B6032000093567 /* cardGameAppDelegate.h */,
				7799B0D916B6032000093567 /* cardGameAppDelegate.m */,
				7799B0D116B6032000093567 /* Matchismo-Info.plist */,
				7799B0D216B6032000093567 /* InfoPlist.strings */,
				7799B0D516B6032000093567 /* main.m */,
				7799B0D716B6032000093567 /* Matchismo-Prefix.pch */,
				7799B0DB16B6032000093567 /* Default.png */,
				7799B0DD16B6032000093567 /* Default@2x.png */,
				7799B0DF16B6032000093567 /* Default-568h@2x.png */,
			);
			name = "Supporting Files";
			sourceTree = "<group>";
		};
		7799B0EF16B6045D00093567 /* Model */ = {
			isa = PBXGroup;
			children = (
				77D74B7516BAA37B00A2174C /* Card.h */,
				77D74B7616BAA37B00A2174C /* Card.m */,
				7799B16C16B6BE5B00093567 /* playingCard.h */,
				7799B16D16B6BE5B00093567 /* playingCard.m */,
				7799B0F016B6082900093567 /* deck.h */,
				7799B0F116B6082900093567 /* deck.m */,
				7799B16F16B6C85400093567 /* playingDeck.h */,
				7799B17016B6C85400093567 /* playingDeck.m */,
				7715DFB016B9FB32008E1DC8 /* cardMatchingGame.h */,
				775A75B816BD2346007D5745 /* cardMatchingGame3Cards.h */,
				775A75B916BD2346007D5745 /* cardMatchingGame3Cards.m */,
				7715DFB116B9FB32008E1DC8 /* cardMatchingGame.m */,
			);
			name = Model;
			sourceTree = "<group>";
		};
		7799B0F316B60E0200093567 /* 75 */ = {
			isa = PBXGroup;
			children = (
				7799B0F416B60E0200093567 /* back-blue-75-1.png */,
				7799B0F516B60E0200093567 /* back-blue-75-2.png */,
				7799B0F616B60E0200093567 /* back-blue-75-3.png */,
				7799B0F716B60E0200093567 /* back-red-75-1.png */,
				7799B0F816B60E0200093567 /* back-red-75-2.png */,
				7799B0F916B60E0200093567 /* back-red-75-3.png */,
				7799B0FA16B60E0200093567 /* clubs-10-75.png */,
				7799B0FB16B60E0200093567 /* clubs-2-75.png */,
				7799B0FC16B60E0200093567 /* clubs-3-75.png */,
				7799B0FD16B60E0200093567 /* clubs-4-75.png */,
				7799B0FE16B60E0200093567 /* clubs-5-75.png */,
				7799B0FF16B60E0200093567 /* clubs-6-75.png */,
				7799B10016B60E0200093567 /* clubs-7-75.png */,
				7799B10116B60E0200093567 /* clubs-8-75.png */,
				7799B10216B60E0200093567 /* clubs-9-75.png */,
				7799B10316B60E0200093567 /* clubs-a-75.png */,
				7799B10416B60E0200093567 /* clubs-j-75.png */,
				7799B10516B60E0200093567 /* clubs-k-75.png */,
				7799B10616B60E0200093567 /* clubs-q-75.png */,
				7799B10716B60E0200093567 /* diamonds-10-75.png */,
				7799B10816B60E0200093567 /* diamonds-2-75.png */,
				7799B10916B60E0200093567 /* diamonds-3-75.png */,
				7799B10A16B60E0200093567 /* diamonds-4-75.png */,
				7799B10B16B60E0200093567 /* diamonds-5-75.png */,
				7799B10C16B60E0200093567 /* diamonds-6-75.png */,
				7799B10D16B60E0200093567 /* diamonds-7-75.png */,
				7799B10E16B60E0200093567 /* diamonds-8-75.png */,
				7799B10F16B60E0200093567 /* diamonds-9-75.png */,
				7799B11016B60E0200093567 /* diamonds-a-75.png */,
				7799B11116B60E0200093567 /* diamonds-j-75.png */,
				7799B11216B60E0200093567 /* diamonds-k-75.png */,
				7799B11316B60E0200093567 /* diamonds-q-75.png */,
				7799B11416B60E0200093567 /* hearts-10-75.png */,
				7799B11516B60E0200093567 /* hearts-2-75.png */,
				7799B11616B60E0200093567 /* hearts-3-75.png */,
				7799B11716B60E0200093567 /* hearts-4-75.png */,
				7799B11816B60E0200093567 /* hearts-5-75.png */,
				7799B11916B60E0200093567 /* hearts-6-75.png */,
				7799B11A16B60E0200093567 /* hearts-7-75.png */,
				7799B11B16B60E0200093567 /* hearts-8-75.png */,
				7799B11C16B60E0200093567 /* hearts-9-75.png */,
				7799B11D16B60E0200093567 /* hearts-a-75.png */,
				7799B11E16B60E0200093567 /* hearts-j-75.png */,
				7799B11F16B60E0200093567 /* hearts-k-75.png */,
				7799B12016B60E0200093567 /* hearts-q-75.png */,
				7799B12116B60E0200093567 /* joker-b-75.png */,
				7799B12216B60E0200093567 /* joker-r-75.png */,
				7799B12316B60E0200093567 /* spades-10-75.png */,
				7799B12416B60E0200093567 /* spades-2-75.png */,
				7799B12516B60E0200093567 /* spades-3-75.png */,
				7799B12616B60E0200093567 /* spades-4-75.png */,
				7799B12716B60E0200093567 /* spades-5-75.png */,
				7799B12816B60E0200093567 /* spades-6-75.png */,
				7799B12916B60E0200093567 /* spades-7-75.png */,
				7799B12A16B60E0200093567 /* spades-8-75.png */,
				7799B12B16B60E0200093567 /* spades-9-75.png */,
				7799B12C16B60E0200093567 /* spades-a-75.png */,
				7799B12D16B60E0200093567 /* spades-j-75.png */,
				7799B12E16B60E0200093567 /* spades-k-75.png */,
				7799B12F16B60E0200093567 /* spades-q-75.png */,
			);
			path = 75;
			sourceTree = "<group>";
		};
/* End PBXGroup section */

/* Begin PBXNativeTarget section */
		7799B0C416B6032000093567 /* Matchismo */ = {
			isa = PBXNativeTarget;
			buildConfigurationList = 7799B0E916B6032000093567 /* Build configuration list for PBXNativeTarget "Matchismo" */;
			buildPhases = (
				7799B0C116B6032000093567 /* Sources */,
				7799B0C216B6032000093567 /* Frameworks */,
				7799B0C316B6032000093567 /* Resources */,
			);
			buildRules = (
			);
			dependencies = (
			);
			name = Matchismo;
			productName = Matchismo;
			productReference = 7799B0C516B6032000093567 /* Matchismo.app */;
			productType = "com.apple.product-type.application";
		};
/* End PBXNativeTarget section */

/* Begin PBXProject section */
		7799B0BC16B6032000093567 /* Project object */ = {
			isa = PBXProject;
			attributes = {
				CLASSPREFIX = cardGame;
				LastUpgradeCheck = 0450;
				ORGANIZATIONNAME = "Laurent GAIDON";
			};
			buildConfigurationList = 7799B0BF16B6032000093567 /* Build configuration list for PBXProject "Matchismo" */;
			compatibilityVersion = "Xcode 3.2";
			developmentRegion = English;
			hasScannedForEncodings = 0;
			knownRegions = (
				en,
			);
			mainGroup = 7799B0BA16B6032000093567;
			productRefGroup = 7799B0C616B6032000093567 /* Products */;
			projectDirPath = "";
			projectRoot = "";
			targets = (
				7799B0C416B6032000093567 /* Matchismo */,
			);
		};
/* End PBXProject section */

/* Begin PBXResourcesBuildPhase section */
		7799B0C316B6032000093567 /* Resources */ = {
			isa = PBXResourcesBuildPhase;
			buildActionMask = 2147483647;
			files = (
				7799B0D416B6032000093567 /* InfoPlist.strings in Resources */,
				7799B0DC16B6032000093567 /* Default.png in Resources */,
				7799B0DE16B6032000093567 /* Default@2x.png in Resources */,
				7799B0E016B6032000093567 /* Default-568h@2x.png in Resources */,
				7799B0E316B6032000093567 /* MainStoryboard.storyboard in Resources */,
				7799B13016B60E0200093567 /* back-blue-75-1.png in Resources */,
				7799B13116B60E0200093567 /* back-blue-75-2.png in Resources */,
				7799B13216B60E0200093567 /* back-blue-75-3.png in Resources */,
				7799B13316B60E0200093567 /* back-red-75-1.png in Resources */,
				7799B13416B60E0200093567 /* back-red-75-2.png in Resources */,
				7799B13516B60E0200093567 /* back-red-75-3.png in Resources */,
				7799B13616B60E0200093567 /* clubs-10-75.png in Resources */,
				7799B13716B60E0200093567 /* clubs-2-75.png in Resources */,
				7799B13816B60E0200093567 /* clubs-3-75.png in Resources */,
				7799B13916B60E0200093567 /* clubs-4-75.png in Resources */,
				7799B13A16B60E0200093567 /* clubs-5-75.png in Resources */,
				7799B13B16B60E0200093567 /* clubs-6-75.png in Resources */,
				7799B13C16B60E0200093567 /* clubs-7-75.png in Resources */,
				7799B13D16B60E0200093567 /* clubs-8-75.png in Resources */,
				7799B13E16B60E0200093567 /* clubs-9-75.png in Resources */,
				7799B13F16B60E0200093567 /* clubs-a-75.png in Resources */,
				7799B14016B60E0200093567 /* clubs-j-75.png in Resources */,
				7799B14116B60E0200093567 /* clubs-k-75.png in Resources */,
				7799B14216B60E0200093567 /* clubs-q-75.png in Resources */,
				7799B14316B60E0200093567 /* diamonds-10-75.png in Resources */,
				7799B14416B60E0200093567 /* diamonds-2-75.png in Resources */,
				7799B14516B60E0200093567 /* diamonds-3-75.png in Resources */,
				7799B14616B60E0200093567 /* diamonds-4-75.png in Resources */,
				7799B14716B60E0200093567 /* diamonds-5-75.png in Resources */,
				7799B14816B60E0200093567 /* diamonds-6-75.png in Resources */,
				7799B14916B60E0200093567 /* diamonds-7-75.png in Resources */,
				7799B14A16B60E0200093567 /* diamonds-8-75.png in Resources */,
				7799B14B16B60E0200093567 /* diamonds-9-75.png in Resources */,
				7799B14C16B60E0200093567 /* diamonds-a-75.png in Resources */,
				7799B14D16B60E0200093567 /* diamonds-j-75.png in Resources */,
				7799B14E16B60E0200093567 /* diamonds-k-75.png in Resources */,
				7799B14F16B60E0200093567 /* diamonds-q-75.png in Resources */,
				7799B15016B60E0200093567 /* hearts-10-75.png in Resources */,
				7799B15116B60E0200093567 /* hearts-2-75.png in Resources */,
				7799B15216B60E0200093567 /* hearts-3-75.png in Resources */,
				7799B15316B60E0200093567 /* hearts-4-75.png in Resources */,
				7799B15416B60E0200093567 /* hearts-5-75.png in Resources */,
				7799B15516B60E0200093567 /* hearts-6-75.png in Resources */,
				7799B15616B60E0200093567 /* hearts-7-75.png in Resources */,
				7799B15716B60E0200093567 /* hearts-8-75.png in Resources */,
				7799B15816B60E0200093567 /* hearts-9-75.png in Resources */,
				7799B15916B60E0200093567 /* hearts-a-75.png in Resources */,
				7799B15A16B60E0200093567 /* hearts-j-75.png in Resources */,
				7799B15B16B60E0200093567 /* hearts-k-75.png in Resources */,
				7799B15C16B60E0200093567 /* hearts-q-75.png in Resources */,
				7799B15D16B60E0200093567 /* joker-b-75.png in Resources */,
				7799B15E16B60E0200093567 /* joker-r-75.png in Resources */,
				7799B15F16B60E0200093567 /* spades-10-75.png in Resources */,
				7799B16016B60E0200093567 /* spades-2-75.png in Resources */,
				7799B16116B60E0200093567 /* spades-3-75.png in Resources */,
				7799B16216B60E0200093567 /* spades-4-75.png in Resources */,
				7799B16316B60E0200093567 /* spades-5-75.png in Resources */,
				7799B16416B60E0200093567 /* spades-6-75.png in Resources */,
				7799B16516B60E0200093567 /* spades-7-75.png in Resources */,
				7799B16616B60E0200093567 /* spades-8-75.png in Resources */,
				7799B16716B60E0200093567 /* spades-9-75.png in Resources */,
				7799B16816B60E0200093567 /* spades-a-75.png in Resources */,
				7799B16916B60E0200093567 /* spades-j-75.png in Resources */,
				7799B16A16B60E0200093567 /* spades-k-75.png in Resources */,
				7799B16B16B60E0200093567 /* spades-q-75.png in Resources */,
			);
			runOnlyForDeploymentPostprocessing = 0;
		};
/* End PBXResourcesBuildPhase section */

/* Begin PBXSourcesBuildPhase section */
		7799B0C116B6032000093567 /* Sources */ = {
			isa = PBXSourcesBuildPhase;
			buildActionMask = 2147483647;
			files = (
				7799B0D616B6032000093567 /* main.m in Sources */,
				7799B0DA16B6032000093567 /* cardGameAppDelegate.m in Sources */,
				7799B0E616B6032000093567 /* cardGameViewController.m in Sources */,
				7799B0F216B6082900093567 /* deck.m in Sources */,
				7799B16E16B6BE5B00093567 /* playingCard.m in Sources */,
				7799B17116B6C85400093567 /* playingDeck.m in Sources */,
				7715DFB216B9FB32008E1DC8 /* cardMatchingGame.m in Sources */,
				77D74B7716BAA37B00A2174C /* Card.m in Sources */,
				775A75BA16BD2346007D5745 /* cardMatchingGame3Cards.m in Sources */,
			);
			runOnlyForDeploymentPostprocessing = 0;
		};
/* End PBXSourcesBuildPhase section */

/* Begin PBXVariantGroup section */
		7799B0D216B6032000093567 /* InfoPlist.strings */ = {
			isa = PBXVariantGroup;
			children = (
				7799B0D316B6032000093567 /* en */,
			);
			name = InfoPlist.strings;
			sourceTree = "<group>";
		};
		7799B0E116B6032000093567 /* MainStoryboard.storyboard */ = {
			isa = PBXVariantGroup;
			children = (
				7799B0E216B6032000093567 /* en */,
			);
			name = MainStoryboard.storyboard;
			sourceTree = "<group>";
		};
/* End PBXVariantGroup section */

/* Begin XCBuildConfiguration section */
		7799B0E716B6032000093567 /* Debug */ = {
			isa = XCBuildConfiguration;
			buildSettings = {
				ALWAYS_SEARCH_USER_PATHS = NO;
				CLANG_CXX_LANGUAGE_STANDARD = "gnu++0x";
				CLANG_CXX_LIBRARY = "libc++";
				CLANG_ENABLE_OBJC_ARC = YES;
				CLANG_WARN_EMPTY_BODY = YES;
				CLANG_WARN__DUPLICATE_METHOD_MATCH = YES;
				"CODE_SIGN_IDENTITY[sdk=iphoneos*]" = "iPhone Developer";
				COPY_PHASE_STRIP = NO;
				GCC_C_LANGUAGE_STANDARD = gnu99;
				GCC_DYNAMIC_NO_PIC = NO;
				GCC_OPTIMIZATION_LEVEL = 0;
				GCC_PREPROCESSOR_DEFINITIONS = (
					"DEBUG=1",
					"$(inherited)",
				);
				GCC_SYMBOLS_PRIVATE_EXTERN = NO;
				GCC_WARN_ABOUT_RETURN_TYPE = YES;
				GCC_WARN_UNINITIALIZED_AUTOS = YES;
				GCC_WARN_UNUSED_VARIABLE = YES;
				IPHONEOS_DEPLOYMENT_TARGET = 6.0;
				ONLY_ACTIVE_ARCH = YES;
				SDKROOT = iphoneos;
			};
			name = Debug;
		};
		7799B0E816B6032000093567 /* Release */ = {
			isa = XCBuildConfiguration;
			buildSettings = {
				ALWAYS_SEARCH_USER_PATHS = NO;
				CLANG_CXX_LANGUAGE_STANDARD = "gnu++0x";
				CLANG_CXX_LIBRARY = "libc++";
				CLANG_ENABLE_OBJC_ARC = YES;
				CLANG_WARN_EMPTY_BODY = YES;
				CLANG_WARN__DUPLICATE_METHOD_MATCH = YES;
				"CODE_SIGN_IDENTITY[sdk=iphoneos*]" = "iPhone Developer";
				COPY_PHASE_STRIP = YES;
				GCC_C_LANGUAGE_STANDARD = gnu99;
				GCC_WARN_ABOUT_RETURN_TYPE = YES;
				GCC_WARN_UNINITIALIZED_AUTOS = YES;
				GCC_WARN_UNUSED_VARIABLE = YES;
				IPHONEOS_DEPLOYMENT_TARGET = 6.0;
				OTHER_CFLAGS = "-DNS_BLOCK_ASSERTIONS=1";
				SDKROOT = iphoneos;
				VALIDATE_PRODUCT = YES;
			};
			name = Release;
		};
		7799B0EA16B6032000093567 /* Debug */ = {
			isa = XCBuildConfiguration;
			buildSettings = {
				GCC_PRECOMPILE_PREFIX_HEADER = YES;
				GCC_PREFIX_HEADER = "Matchismo/Matchismo-Prefix.pch";
				INFOPLIST_FILE = "Matchismo/Matchismo-Info.plist";
				PRODUCT_NAME = "$(TARGET_NAME)";
				WRAPPER_EXTENSION = app;
			};
			name = Debug;
		};
		7799B0EB16B6032000093567 /* Release */ = {
			isa = XCBuildConfiguration;
			buildSettings = {
				GCC_PRECOMPILE_PREFIX_HEADER = YES;
				GCC_PREFIX_HEADER = "Matchismo/Matchismo-Prefix.pch";
				INFOPLIST_FILE = "Matchismo/Matchismo-Info.plist";
				PRODUCT_NAME = "$(TARGET_NAME)";
				WRAPPER_EXTENSION = app;
			};
			name = Release;
		};
/* End XCBuildConfiguration section */

/* Begin XCConfigurationList section */
		7799B0BF16B6032000093567 /* Build configuration list for PBXProject "Matchismo" */ = {
			isa = XCConfigurationList;
			buildConfigurations = (
				7799B0E716B6032000093567 /* Debug */,
				7799B0E816B6032000093567 /* Release */,
			);
			defaultConfigurationIsVisible = 0;
			defaultConfigurationName = Release;
		};
		7799B0E916B6032000093567 /* Build configuration list for PBXNativeTarget "Matchismo" */ = {
			isa = XCConfigurationList;
			buildConfigurations = (
				7799B0EA16B6032000093567 /* Debug */,
				7799B0EB16B6032000093567 /* Release */,
			);
			defaultConfigurationIsVisible = 0;
			defaultConfigurationName = Release;
		};
/* End XCConfigurationList section */
	};
	rootObject = 7799B0BC16B6032000093567 /* Project object */;
}
